// !$*UTF8*$!
{
	archiveVersion = 1;
	classes = {
	};
	objectVersion = 77;
	objects = {

/* Begin PBXBuildFile section */
		770686482F725CF100DF099D /* StaticData.swift in Sources */ = {isa = PBXBuildFile; fileRef = 770686462F725CF100DF099D /* StaticData.swift */; };
		770686492F725CF100DF099D /* MaintenanceTaskDetailViewModel.swift in Sources */ = {isa = PBXBuildFile; fileRef = 770686372F725CF100DF099D /* MaintenanceTaskDetailViewModel.swift */; };
		7706864A2F725CF100DF099D /* MaintenanceApplicationSubmittedView.swift in Sources */ = {isa = PBXBuildFile; fileRef = 7706863A2F725CF100DF099D /* MaintenanceApplicationSubmittedView.swift */; };
		7706864B2F725CF100DF099D /* VINScannerView.swift in Sources */ = {isa = PBXBuildFile; fileRef = 770686422F725CF100DF099D /* VINScannerView.swift */; };
		7706864C2F725CF100DF099D /* SparePartsRequestSheet.swift in Sources */ = {isa = PBXBuildFile; fileRef = 770686412F725CF100DF099D /* SparePartsRequestSheet.swift */; };
		7706864D2F725CF100DF099D /* MaintenanceDashboardView.swift in Sources */ = {isa = PBXBuildFile; fileRef = 7706863B2F725CF100DF099D /* MaintenanceDashboardView.swift */; };
		7706864E2F725CF100DF099D /* MaintenanceProfilePage2View.swift in Sources */ = {isa = PBXBuildFile; fileRef = 7706863E2F725CF100DF099D /* MaintenanceProfilePage2View.swift */; };
		7706864F2F725CF100DF099D /* MaintenanceAppTheme.swift in Sources */ = {isa = PBXBuildFile; fileRef = 770686442F725CF100DF099D /* MaintenanceAppTheme.swift */; };
		770686502F725CF100DF099D /* MaintenanceDashboardViewModel.swift in Sources */ = {isa = PBXBuildFile; fileRef = 770686352F725CF100DF099D /* MaintenanceDashboardViewModel.swift */; };
		770686512F725CF100DF099D /* MaintenanceProfilePage1View.swift in Sources */ = {isa = PBXBuildFile; fileRef = 7706863D2F725CF100DF099D /* MaintenanceProfilePage1View.swift */; };
		770686522F725CF100DF099D /* MaintenanceProfileEditView.swift in Sources */ = {isa = PBXBuildFile; fileRef = 7706863C2F725CF100DF099D /* MaintenanceProfileEditView.swift */; };
		770686532F725CF100DF099D /* MaintenanceTabView.swift in Sources */ = {isa = PBXBuildFile; fileRef = 770686452F725CF100DF099D /* MaintenanceTabView.swift */; };
		770686542F725CF100DF099D /* CameraPreviewView.swift in Sources */ = {isa = PBXBuildFile; fileRef = 770686392F725CF100DF099D /* CameraPreviewView.swift */; };
		770686552F725CF100DF099D /* MaintenanceProfileViewModel.swift in Sources */ = {isa = PBXBuildFile; fileRef = 770686362F725CF100DF099D /* MaintenanceProfileViewModel.swift */; };
		770686562F725CF100DF099D /* MaintenanceTaskDetailView.swift in Sources */ = {isa = PBXBuildFile; fileRef = 770686402F725CF100DF099D /* MaintenanceTaskDetailView.swift */; };
		770686572F725CF100DF099D /* MaintenanceProfileSetupView.swift in Sources */ = {isa = PBXBuildFile; fileRef = 7706863F2F725CF100DF099D /* MaintenanceProfileSetupView.swift */; };
/* End PBXBuildFile section */

/* Begin PBXContainerItemProxy section */
		77FB28482F71A19100CAF859 /* PBXContainerItemProxy */ = {
			isa = PBXContainerItemProxy;
			containerPortal = 77FB28322F71A18F00CAF859 /* Project object */;
			proxyType = 1;
			remoteGlobalIDString = 77FB28392F71A18F00CAF859;
			remoteInfo = maintance;
		};
		77FB28522F71A19100CAF859 /* PBXContainerItemProxy */ = {
			isa = PBXContainerItemProxy;
			containerPortal = 77FB28322F71A18F00CAF859 /* Project object */;
			proxyType = 1;
			remoteGlobalIDString = 77FB28392F71A18F00CAF859;
			remoteInfo = maintance;
		};
/* End PBXContainerItemProxy section */

/* Begin PBXFileReference section */
		770686352F725CF100DF099D /* MaintenanceDashboardViewModel.swift */ = {isa = PBXFileReference; lastKnownFileType = sourcecode.swift; path = MaintenanceDashboardViewModel.swift; sourceTree = "<group>"; };
		770686362F725CF100DF099D /* MaintenanceProfileViewModel.swift */ = {isa = PBXFileReference; lastKnownFileType = sourcecode.swift; path = MaintenanceProfileViewModel.swift; sourceTree = "<group>"; };
		770686372F725CF100DF099D /* MaintenanceTaskDetailViewModel.swift */ = {isa = PBXFileReference; lastKnownFileType = sourcecode.swift; path = MaintenanceTaskDetailViewModel.swift; sourceTree = "<group>"; };
		770686392F725CF100DF099D /* CameraPreviewView.swift */ = {isa = PBXFileReference; lastKnownFileType = sourcecode.swift; path = CameraPreviewView.swift; sourceTree = "<group>"; };
		7706863A2F725CF100DF099D /* MaintenanceApplicationSubmittedView.swift */ = {isa = PBXFileReference; lastKnownFileType = sourcecode.swift; path = MaintenanceApplicationSubmittedView.swift; sourceTree = "<group>"; };
		7706863B2F725CF100DF099D /* MaintenanceDashboardView.swift */ = {isa = PBXFileReference; lastKnownFileType = sourcecode.swift; path = MaintenanceDashboardView.swift; sourceTree = "<group>"; };
		7706863C2F725CF100DF099D /* MaintenanceProfileEditView.swift */ = {isa = PBXFileReference; lastKnownFileType = sourcecode.swift; path = MaintenanceProfileEditView.swift; sourceTree = "<group>"; };
		7706863D2F725CF100DF099D /* MaintenanceProfilePage1View.swift */ = {isa = PBXFileReference; lastKnownFileType = sourcecode.swift; path = MaintenanceProfilePage1View.swift; sourceTree = "<group>"; };
		7706863E2F725CF100DF099D /* MaintenanceProfilePage2View.swift */ = {isa = PBXFileReference; lastKnownFileType = sourcecode.swift; path = MaintenanceProfilePage2View.swift; sourceTree = "<group>"; };
		7706863F2F725CF100DF099D /* MaintenanceProfileSetupView.swift */ = {isa = PBXFileReference; lastKnownFileType = sourcecode.swift; path = MaintenanceProfileSetupView.swift; sourceTree = "<group>"; };
		770686402F725CF100DF099D /* MaintenanceTaskDetailView.swift */ = {isa = PBXFileReference; lastKnownFileType = sourcecode.swift; path = MaintenanceTaskDetailView.swift; sourceTree = "<group>"; };
		770686412F725CF100DF099D /* SparePartsRequestSheet.swift */ = {isa = PBXFileReference; lastKnownFileType = sourcecode.swift; path = SparePartsRequestSheet.swift; sourceTree = "<group>"; };
		770686422F725CF100DF099D /* VINScannerView.swift */ = {isa = PBXFileReference; lastKnownFileType = sourcecode.swift; path = VINScannerView.swift; sourceTree = "<group>"; };
		770686442F725CF100DF099D /* MaintenanceAppTheme.swift */ = {isa = PBXFileReference; lastKnownFileType = sourcecode.swift; path = MaintenanceAppTheme.swift; sourceTree = "<group>"; };
		770686452F725CF100DF099D /* MaintenanceTabView.swift */ = {isa = PBXFileReference; lastKnownFileType = sourcecode.swift; path = MaintenanceTabView.swift; sourceTree = "<group>"; };
		770686462F725CF100DF099D /* StaticData.swift */ = {isa = PBXFileReference; lastKnownFileType = sourcecode.swift; path = StaticData.swift; sourceTree = "<group>"; };
		77FB283A2F71A18F00CAF859 /* maintance.app */ = {isa = PBXFileReference; explicitFileType = wrapper.application; includeInIndex = 0; path = maintance.app; sourceTree = BUILT_PRODUCTS_DIR; };
		77FB28472F71A19100CAF859 /* maintanceTests.xctest */ = {isa = PBXFileReference; explicitFileType = wrapper.cfbundle; includeInIndex = 0; path = maintanceTests.xctest; sourceTree = BUILT_PRODUCTS_DIR; };
		77FB28512F71A19100CAF859 /* maintanceUITests.xctest */ = {isa = PBXFileReference; explicitFileType = wrapper.cfbundle; includeInIndex = 0; path = maintanceUITests.xctest; sourceTree = BUILT_PRODUCTS_DIR; };
/* End PBXFileReference section */

/* Begin PBXFileSystemSynchronizedRootGroup section */
		77FB284A2F71A19100CAF859 /* maintanceTests */ = {
			isa = PBXFileSystemSynchronizedRootGroup;
			path = maintanceTests;
			sourceTree = "<group>";
		};
		77FB28542F71A19100CAF859 /* maintanceUITests */ = {
			isa = PBXFileSystemSynchronizedRootGroup;
			path = maintanceUITests;
			sourceTree = "<group>";
		};
/* End PBXFileSystemSynchronizedRootGroup section */

/* Begin PBXFrameworksBuildPhase section */
		77FB28372F71A18F00CAF859 /* Frameworks */ = {
			isa = PBXFrameworksBuildPhase;
			buildActionMask = 2147483647;
			files = (
			);
			runOnlyForDeploymentPostprocessing = 0;
		};
		77FB28442F71A19100CAF859 /* Frameworks */ = {
			isa = PBXFrameworksBuildPhase;
			buildActionMask = 2147483647;
			files = (
			);
			runOnlyForDeploymentPostprocessing = 0;
		};
		77FB284E2F71A19100CAF859 /* Frameworks */ = {
			isa = PBXFrameworksBuildPhase;
			buildActionMask = 2147483647;
			files = (
			);
			runOnlyForDeploymentPostprocessing = 0;
		};
/* End PBXFrameworksBuildPhase section */

/* Begin PBXGroup section */
		770686382F725CF100DF099D /* ViewModels */ = {
			isa = PBXGroup;
			children = (
				770686352F725CF100DF099D /* MaintenanceDashboardViewModel.swift */,
				770686362F725CF100DF099D /* MaintenanceProfileViewModel.swift */,
				770686372F725CF100DF099D /* MaintenanceTaskDetailViewModel.swift */,
			);
			path = ViewModels;
			sourceTree = "<group>";
		};
		770686432F725CF100DF099D /* Views */ = {
			isa = PBXGroup;
			children = (
				770686392F725CF100DF099D /* CameraPreviewView.swift */,
				7706863A2F725CF100DF099D /* MaintenanceApplicationSubmittedView.swift */,
				7706863B2F725CF100DF099D /* MaintenanceDashboardView.swift */,
				7706863C2F725CF100DF099D /* MaintenanceProfileEditView.swift */,
				7706863D2F725CF100DF099D /* MaintenanceProfilePage1View.swift */,
				7706863E2F725CF100DF099D /* MaintenanceProfilePage2View.swift */,
				7706863F2F725CF100DF099D /* MaintenanceProfileSetupView.swift */,
				770686402F725CF100DF099D /* MaintenanceTaskDetailView.swift */,
				770686412F725CF100DF099D /* SparePartsRequestSheet.swift */,
				770686422F725CF100DF099D /* VINScannerView.swift */,
			);
			path = Views;
			sourceTree = "<group>";
		};
		770686472F725CF100DF099D /* Maintenance 2 */ = {
			isa = PBXGroup;
			children = (
				770686382F725CF100DF099D /* ViewModels */,
				770686432F725CF100DF099D /* Views */,
				770686442F725CF100DF099D /* MaintenanceAppTheme.swift */,
				770686452F725CF100DF099D /* MaintenanceTabView.swift */,
				770686462F725CF100DF099D /* StaticData.swift */,
			);
			path = "Maintenance 2";
			sourceTree = "<group>";
		};
		77FB28312F71A18F00CAF859 = {
			isa = PBXGroup;
			children = (
				770686472F725CF100DF099D /* Maintenance 2 */,
				77FB284A2F71A19100CAF859 /* maintanceTests */,
				77FB28542F71A19100CAF859 /* maintanceUITests */,
				77FB283B2F71A18F00CAF859 /* Products */,
			);
			sourceTree = "<group>";
		};
		77FB283B2F71A18F00CAF859 /* Products */ = {
			isa = PBXGroup;
			children = (
				77FB283A2F71A18F00CAF859 /* maintance.app */,
				77FB28472F71A19100CAF859 /* maintanceTests.xctest */,
				77FB28512F71A19100CAF859 /* maintanceUITests.xctest */,
			);
			name = Products;
			sourceTree = "<group>";
		};
/* End PBXGroup section */

/* Begin PBXNativeTarget section */
		77FB28392F71A18F00CAF859 /* maintance */ = {
			isa = PBXNativeTarget;
			buildConfigurationList = 77FB285B2F71A19100CAF859 /* Build configuration list for PBXNativeTarget "maintance" */;
			buildPhases = (
				77FB28362F71A18F00CAF859 /* Sources */,
				77FB28372F71A18F00CAF859 /* Frameworks */,
				77FB28382F71A18F00CAF859 /* Resources */,
			);
			buildRules = (
			);
			dependencies = (
			);
			name = maintance;
			packageProductDependencies = (
			);
			productName = maintance;
			productReference = 77FB283A2F71A18F00CAF859 /* maintance.app */;
			productType = "com.apple.product-type.application";
		};
		77FB28462F71A19100CAF859 /* maintanceTests */ = {
			isa = PBXNativeTarget;
			buildConfigurationList = 77FB285E2F71A19100CAF859 /* Build configuration list for PBXNativeTarget "maintanceTests" */;
			buildPhases = (
				77FB28432F71A19100CAF859 /* Sources */,
				77FB28442F71A19100CAF859 /* Frameworks */,
				77FB28452F71A19100CAF859 /* Resources */,
			);
			buildRules = (
			);
			dependencies = (
				77FB28492F71A19100CAF859 /* PBXTargetDependency */,
			);
			fileSystemSynchronizedGroups = (
				77FB284A2F71A19100CAF859 /* maintanceTests */,
			);
			name = maintanceTests;
			packageProductDependencies = (
			);
			productName = maintanceTests;
			productReference = 77FB28472F71A19100CAF859 /* maintanceTests.xctest */;
			productType = "com.apple.product-type.bundle.unit-test";
		};
		77FB28502F71A19100CAF859 /* maintanceUITests */ = {
			isa = PBXNativeTarget;
			buildConfigurationList = 77FB28612F71A19100CAF859 /* Build configuration list for PBXNativeTarget "maintanceUITests" */;
			buildPhases = (
				77FB284D2F71A19100CAF859 /* Sources */,
				77FB284E2F71A19100CAF859 /* Frameworks */,
				77FB284F2F71A19100CAF859 /* Resources */,
			);
			buildRules = (
			);
			dependencies = (
				77FB28532F71A19100CAF859 /* PBXTargetDependency */,
			);
			fileSystemSynchronizedGroups = (
				77FB28542F71A19100CAF859 /* maintanceUITests */,
			);
			name = maintanceUITests;
			packageProductDependencies = (
			);
			productName = maintanceUITests;
			productReference = 77FB28512F71A19100CAF859 /* maintanceUITests.xctest */;
			productType = "com.apple.product-type.bundle.ui-testing";
		};
/* End PBXNativeTarget section */

/* Begin PBXProject section */
		77FB28322F71A18F00CAF859 /* Project object */ = {
			isa = PBXProject;
			attributes = {
				BuildIndependentTargetsInParallel = 1;
				LastSwiftUpdateCheck = 2610;
				LastUpgradeCheck = 2610;
				TargetAttributes = {
					77FB28392F71A18F00CAF859 = {
						CreatedOnToolsVersion = 26.1.1;
					};
					77FB28462F71A19100CAF859 = {
						CreatedOnToolsVersion = 26.1.1;
						TestTargetID = 77FB28392F71A18F00CAF859;
					};
					77FB28502F71A19100CAF859 = {
						CreatedOnToolsVersion = 26.1.1;
						TestTargetID = 77FB28392F71A18F00CAF859;
					};
				};
			};
			buildConfigurationList = 77FB28352F71A18F00CAF859 /* Build configuration list for PBXProject "maintance" */;
			developmentRegion = en;
			hasScannedForEncodings = 0;
			knownRegions = (
				en,
				Base,
			);
			mainGroup = 77FB28312F71A18F00CAF859;
			minimizedProjectReferenceProxies = 1;
			preferredProjectObjectVersion = 77;
			productRefGroup = 77FB283B2F71A18F00CAF859 /* Products */;
			projectDirPath = "";
			projectRoot = "";
			targets = (
				77FB28392F71A18F00CAF859 /* maintance */,
				77FB28462F71A19100CAF859 /* maintanceTests */,
				77FB28502F71A19100CAF859 /* maintanceUITests */,
			);
		};
/* End PBXProject section */

/* Begin PBXResourcesBuildPhase section */
		77FB28382F71A18F00CAF859 /* Resources */ = {
			isa = PBXResourcesBuildPhase;
			buildActionMask = 2147483647;
			files = (
			);
			runOnlyForDeploymentPostprocessing = 0;
		};
		77FB28452F71A19100CAF859 /* Resources */ = {
			isa = PBXResourcesBuildPhase;
			buildActionMask = 2147483647;
			files = (
			);
			runOnlyForDeploymentPostprocessing = 0;
		};
		77FB284F2F71A19100CAF859 /* Resources */ = {
			isa = PBXResourcesBuildPhase;
			buildActionMask = 2147483647;
			files = (
			);
			runOnlyForDeploymentPostprocessing = 0;
		};
/* End PBXResourcesBuildPhase section */

/* Begin PBXSourcesBuildPhase section */
		77FB28362F71A18F00CAF859 /* Sources */ = {
			isa = PBXSourcesBuildPhase;
			buildActionMask = 2147483647;
			files = (
			);
			runOnlyForDeploymentPostprocessing = 0;
		};
		77FB28432F71A19100CAF859 /* Sources */ = {
			isa = PBXSourcesBuildPhase;
			buildActionMask = 2147483647;
			files = (
				770686482F725CF100DF099D /* StaticData.swift in Sources */,
				770686492F725CF100DF099D /* MaintenanceTaskDetailViewModel.swift in Sources */,
				7706864A2F725CF100DF099D /* MaintenanceApplicationSubmittedView.swift in Sources */,
				7706864B2F725CF100DF099D /* VINScannerView.swift in Sources */,
				7706864C2F725CF100DF099D /* SparePartsRequestSheet.swift in Sources */,
				7706864D2F725CF100DF099D /* MaintenanceDashboardView.swift in Sources */,
				7706864E2F725CF100DF099D /* MaintenanceProfilePage2View.swift in Sources */,
				7706864F2F725CF100DF099D /* MaintenanceAppTheme.swift in Sources */,
				770686502F725CF100DF099D /* MaintenanceDashboardViewModel.swift in Sources */,
				770686512F725CF100DF099D /* MaintenanceProfilePage1View.swift in Sources */,
				770686522F725CF100DF099D /* MaintenanceProfileEditView.swift in Sources */,
				770686532F725CF100DF099D /* MaintenanceTabView.swift in Sources */,
				770686542F725CF100DF099D /* CameraPreviewView.swift in Sources */,
				770686552F725CF100DF099D /* MaintenanceProfileViewModel.swift in Sources */,
				770686562F725CF100DF099D /* MaintenanceTaskDetailView.swift in Sources */,
				770686572F725CF100DF099D /* MaintenanceProfileSetupView.swift in Sources */,
			);
			runOnlyForDeploymentPostprocessing = 0;
		};
		77FB284D2F71A19100CAF859 /* Sources */ = {
			isa = PBXSourcesBuildPhase;
			buildActionMask = 2147483647;
			files = (
			);
			runOnlyForDeploymentPostprocessing = 0;
		};
/* End PBXSourcesBuildPhase section */

/* Begin PBXTargetDependency section */
		77FB28492F71A19100CAF859 /* PBXTargetDependency */ = {
			isa = PBXTargetDependency;
			target = 77FB28392F71A18F00CAF859 /* maintance */;
			targetProxy = 77FB28482F71A19100CAF859 /* PBXContainerItemProxy */;
		};
		77FB28532F71A19100CAF859 /* PBXTargetDependency */ = {
			isa = PBXTargetDependency;
			target = 77FB28392F71A18F00CAF859 /* maintance */;
			targetProxy = 77FB28522F71A19100CAF859 /* PBXContainerItemProxy */;
		};
/* End PBXTargetDependency section */

/* Begin XCBuildConfiguration section */
		77FB28592F71A19100CAF859 /* Debug */ = {
			isa = XCBuildConfiguration;
			buildSettings = {
				ALWAYS_SEARCH_USER_PATHS = NO;
				ASSETCATALOG_COMPILER_GENERATE_SWIFT_ASSET_SYMBOL_EXTENSIONS = YES;
				CLANG_ANALYZER_NONNULL = YES;
				CLANG_ANALYZER_NUMBER_OBJECT_CONVERSION = YES_AGGRESSIVE;
				CLANG_CXX_LANGUAGE_STANDARD = "gnu++20";
				CLANG_ENABLE_MODULES = YES;
				CLANG_ENABLE_OBJC_ARC = YES;
				CLANG_ENABLE_OBJC_WEAK = YES;
				CLANG_WARN_BLOCK_CAPTURE_AUTORELEASING = YES;
				CLANG_WARN_BOOL_CONVERSION = YES;
				CLANG_WARN_COMMA = YES;
				CLANG_WARN_CONSTANT_CONVERSION = YES;
				CLANG_WARN_DEPRECATED_OBJC_IMPLEMENTATIONS = YES;
				CLANG_WARN_DIRECT_OBJC_ISA_USAGE = YES_ERROR;
				CLANG_WARN_DOCUMENTATION_COMMENTS = YES;
				CLANG_WARN_EMPTY_BODY = YES;
				CLANG_WARN_ENUM_CONVERSION = YES;
				CLANG_WARN_INFINITE_RECURSION = YES;
				CLANG_WARN_INT_CONVERSION = YES;
				CLANG_WARN_NON_LITERAL_NULL_CONVERSION = YES;
				CLANG_WARN_OBJC_IMPLICIT_RETAIN_SELF = YES;
				CLANG_WARN_OBJC_LITERAL_CONVERSION = YES;
				CLANG_WARN_OBJC_ROOT_CLASS = YES_ERROR;
				CLANG_WARN_QUOTED_INCLUDE_IN_FRAMEWORK_HEADER = YES;
				CLANG_WARN_RANGE_LOOP_ANALYSIS = YES;
				CLANG_WARN_STRICT_PROTOTYPES = YES;
				CLANG_WARN_SUSPICIOUS_MOVE = YES;
				CLANG_WARN_UNGUARDED_AVAILABILITY = YES_AGGRESSIVE;
				CLANG_WARN_UNREACHABLE_CODE = YES;
				CLANG_WARN__DUPLICATE_METHOD_MATCH = YES;
				COPY_PHASE_STRIP = NO;
				DEBUG_INFORMATION_FORMAT = dwarf;
				DEVELOPMENT_TEAM = T796PH6MZ3;
				ENABLE_STRICT_OBJC_MSGSEND = YES;
				ENABLE_TESTABILITY = YES;
				ENABLE_USER_SCRIPT_SANDBOXING = YES;
				GCC_C_LANGUAGE_STANDARD = gnu17;
				GCC_DYNAMIC_NO_PIC = NO;
				GCC_NO_COMMON_BLOCKS = YES;
				GCC_OPTIMIZATION_LEVEL = 0;
				GCC_PREPROCESSOR_DEFINITIONS = (
					"DEBUG=1",
					"$(inherited)",
				);
				GCC_WARN_64_TO_32_BIT_CONVERSION = YES;
				GCC_WARN_ABOUT_RETURN_TYPE = YES_ERROR;
				GCC_WARN_UNDECLARED_SELECTOR = YES;
				GCC_WARN_UNINITIALIZED_AUTOS = YES_AGGRESSIVE;
				GCC_WARN_UNUSED_FUNCTION = YES;
				GCC_WARN_UNUSED_VARIABLE = YES;
				IPHONEOS_DEPLOYMENT_TARGET = 26.1;
				LOCALIZATION_PREFERS_STRING_CATALOGS = YES;
				MTL_ENABLE_DEBUG_INFO = INCLUDE_SOURCE;
				MTL_FAST_MATH = YES;
				ONLY_ACTIVE_ARCH = YES;
				SDKROOT = iphoneos;
				SWIFT_ACTIVE_COMPILATION_CONDITIONS = "DEBUG $(inherited)";
				SWIFT_OPTIMIZATION_LEVEL = "-Onone";
			};
			name = Debug;
		};
		77FB285A2F71A19100CAF859 /* Release */ = {
			isa = XCBuildConfiguration;
			buildSettings = {
				ALWAYS_SEARCH_USER_PATHS = NO;
				ASSETCATALOG_COMPILER_GENERATE_SWIFT_ASSET_SYMBOL_EXTENSIONS = YES;
				CLANG_ANALYZER_NONNULL = YES;
				CLANG_ANALYZER_NUMBER_OBJECT_CONVERSION = YES_AGGRESSIVE;
				CLANG_CXX_LANGUAGE_STANDARD = "gnu++20";
				CLANG_ENABLE_MODULES = YES;
				CLANG_ENABLE_OBJC_ARC = YES;
				CLANG_ENABLE_OBJC_WEAK = YES;
				CLANG_WARN_BLOCK_CAPTURE_AUTORELEASING = YES;
				CLANG_WARN_BOOL_CONVERSION = YES;
				CLANG_WARN_COMMA = YES;
				CLANG_WARN_CONSTANT_CONVERSION = YES;
				CLANG_WARN_DEPRECATED_OBJC_IMPLEMENTATIONS = YES;
				CLANG_WARN_DIRECT_OBJC_ISA_USAGE = YES_ERROR;
				CLANG_WARN_DOCUMENTATION_COMMENTS = YES;
				CLANG_WARN_EMPTY_BODY = YES;
				CLANG_WARN_ENUM_CONVERSION = YES;
				CLANG_WARN_INFINITE_RECURSION = YES;
				CLANG_WARN_INT_CONVERSION = YES;
				CLANG_WARN_NON_LITERAL_NULL_CONVERSION = YES;
				CLANG_WARN_OBJC_IMPLICIT_RETAIN_SELF = YES;
				CLANG_WARN_OBJC_LITERAL_CONVERSION = YES;
				CLANG_WARN_OBJC_ROOT_CLASS = YES_ERROR;
				CLANG_WARN_QUOTED_INCLUDE_IN_FRAMEWORK_HEADER = YES;
				CLANG_WARN_RANGE_LOOP_ANALYSIS = YES;
				CLANG_WARN_STRICT_PROTOTYPES = YES;
				CLANG_WARN_SUSPICIOUS_MOVE = YES;
				CLANG_WARN_UNGUARDED_AVAILABILITY = YES_AGGRESSIVE;
				CLANG_WARN_UNREACHABLE_CODE = YES;
				CLANG_WARN__DUPLICATE_METHOD_MATCH = YES;
				COPY_PHASE_STRIP = NO;
				DEBUG_INFORMATION_FORMAT = "dwarf-with-dsym";
				DEVELOPMENT_TEAM = T796PH6MZ3;
				ENABLE_NS_ASSERTIONS = NO;
				ENABLE_STRICT_OBJC_MSGSEND = YES;
				ENABLE_USER_SCRIPT_SANDBOXING = YES;
				GCC_C_LANGUAGE_STANDARD = gnu17;
				GCC_NO_COMMON_BLOCKS = YES;
				GCC_WARN_64_TO_32_BIT_CONVERSION = YES;
				GCC_WARN_ABOUT_RETURN_TYPE = YES_ERROR;
				GCC_WARN_UNDECLARED_SELECTOR = YES;
				GCC_WARN_UNINITIALIZED_AUTOS = YES_AGGRESSIVE;
				GCC_WARN_UNUSED_FUNCTION = YES;
				GCC_WARN_UNUSED_VARIABLE = YES;
				IPHONEOS_DEPLOYMENT_TARGET = 26.1;
				LOCALIZATION_PREFERS_STRING_CATALOGS = YES;
				MTL_ENABLE_DEBUG_INFO = NO;
				MTL_FAST_MATH = YES;
				SDKROOT = iphoneos;
				SWIFT_COMPILATION_MODE = wholemodule;
				VALIDATE_PRODUCT = YES;
			};
			name = Release;
		};
		77FB285C2F71A19100CAF859 /* Debug */ = {
			isa = XCBuildConfiguration;
			buildSettings = {
				ASSETCATALOG_COMPILER_APPICON_NAME = AppIcon;
				ASSETCATALOG_COMPILER_GLOBAL_ACCENT_COLOR_NAME = AccentColor;
				CODE_SIGN_STYLE = Automatic;
				CURRENT_PROJECT_VERSION = 1;
				DEVELOPMENT_TEAM = T796PH6MZ3;
				ENABLE_PREVIEWS = YES;
				GENERATE_INFOPLIST_FILE = YES;
				INFOPLIST_KEY_UIApplicationSceneManifest_Generation = YES;
				INFOPLIST_KEY_UIApplicationSupportsIndirectInputEvents = YES;
				INFOPLIST_KEY_UILaunchScreen_Generation = YES;
				INFOPLIST_KEY_UISupportedInterfaceOrientations_iPad = "UIInterfaceOrientationPortrait UIInterfaceOrientationPortraitUpsideDown UIInterfaceOrientationLandscapeLeft UIInterfaceOrientationLandscapeRight";
				INFOPLIST_KEY_UISupportedInterfaceOrientations_iPhone = "UIInterfaceOrientationPortrait UIInterfaceOrientationLandscapeLeft UIInterfaceOrientationLandscapeRight";
				LD_RUNPATH_SEARCH_PATHS = (
					"$(inherited)",
					"@executable_path/Frameworks",
				);
				MARKETING_VERSION = 1.0;
				PRODUCT_BUNDLE_IDENTIFIER = com.andreamercy.maintance1;
				PRODUCT_NAME = "$(TARGET_NAME)";
				STRING_CATALOG_GENERATE_SYMBOLS = YES;
				SWIFT_APPROACHABLE_CONCURRENCY = YES;
				SWIFT_DEFAULT_ACTOR_ISOLATION = MainActor;
				SWIFT_EMIT_LOC_STRINGS = YES;
				SWIFT_UPCOMING_FEATURE_MEMBER_IMPORT_VISIBILITY = YES;
				SWIFT_VERSION = 5.0;
				TARGETED_DEVICE_FAMILY = "1,2";
			};
			name = Debug;
		};
		77FB285D2F71A19100CAF859 /* Release */ = {
			isa = XCBuildConfiguration;
			buildSettings = {
				ASSETCATALOG_COMPILER_APPICON_NAME = AppIcon;
				ASSETCATALOG_COMPILER_GLOBAL_ACCENT_COLOR_NAME = AccentColor;
				CODE_SIGN_STYLE = Automatic;
				CURRENT_PROJECT_VERSION = 1;
				DEVELOPMENT_TEAM = T796PH6MZ3;
				ENABLE_PREVIEWS = YES;
				GENERATE_INFOPLIST_FILE = YES;
				INFOPLIST_KEY_UIApplicationSceneManifest_Generation = YES;
				INFOPLIST_KEY_UIApplicationSupportsIndirectInputEvents = YES;
				INFOPLIST_KEY_UILaunchScreen_Generation = YES;
				INFOPLIST_KEY_UISupportedInterfaceOrientations_iPad = "UIInterfaceOrientationPortrait UIInterfaceOrientationPortraitUpsideDown UIInterfaceOrientationLandscapeLeft UIInterfaceOrientationLandscapeRight";
				INFOPLIST_KEY_UISupportedInterfaceOrientations_iPhone = "UIInterfaceOrientationPortrait UIInterfaceOrientationLandscapeLeft UIInterfaceOrientationLandscapeRight";
				LD_RUNPATH_SEARCH_PATHS = (
					"$(inherited)",
					"@executable_path/Frameworks",
				);
				MARKETING_VERSION = 1.0;
				PRODUCT_BUNDLE_IDENTIFIER = com.andreamercy.maintance1;
				PRODUCT_NAME = "$(TARGET_NAME)";
				STRING_CATALOG_GENERATE_SYMBOLS = YES;
				SWIFT_APPROACHABLE_CONCURRENCY = YES;
				SWIFT_DEFAULT_ACTOR_ISOLATION = MainActor;
				SWIFT_EMIT_LOC_STRINGS = YES;
				SWIFT_UPCOMING_FEATURE_MEMBER_IMPORT_VISIBILITY = YES;
				SWIFT_VERSION = 5.0;
				TARGETED_DEVICE_FAMILY = "1,2";
			};
			name = Release;
		};
		77FB285F2F71A19100CAF859 /* Debug */ = {
			isa = XCBuildConfiguration;
			buildSettings = {
				BUNDLE_LOADER = "$(TEST_HOST)";
				CODE_SIGN_STYLE = Automatic;
				CURRENT_PROJECT_VERSION = 1;
				DEVELOPMENT_TEAM = T796PH6MZ3;
				GENERATE_INFOPLIST_FILE = YES;
				IPHONEOS_DEPLOYMENT_TARGET = 26.1;
				MARKETING_VERSION = 1.0;
				PRODUCT_BUNDLE_IDENTIFIER = com.andreamercy.maintanceTests;
				PRODUCT_NAME = "$(TARGET_NAME)";
				STRING_CATALOG_GENERATE_SYMBOLS = NO;
				SWIFT_APPROACHABLE_CONCURRENCY = YES;
				SWIFT_EMIT_LOC_STRINGS = NO;
				SWIFT_UPCOMING_FEATURE_MEMBER_IMPORT_VISIBILITY = YES;
				SWIFT_VERSION = 5.0;
				TARGETED_DEVICE_FAMILY = "1,2";
				TEST_HOST = "$(BUILT_PRODUCTS_DIR)/maintance.app/$(BUNDLE_EXECUTABLE_FOLDER_PATH)/maintance";
			};
			name = Debug;
		};
		77FB28602F71A19100CAF859 /* Release */ = {
			isa = XCBuildConfiguration;
			buildSettings = {
				BUNDLE_LOADER = "$(TEST_HOST)";
				CODE_SIGN_STYLE = Automatic;
				CURRENT_PROJECT_VERSION = 1;
				DEVELOPMENT_TEAM = T796PH6MZ3;
				GENERATE_INFOPLIST_FILE = YES;
				IPHONEOS_DEPLOYMENT_TARGET = 26.1;
				MARKETING_VERSION = 1.0;
				PRODUCT_BUNDLE_IDENTIFIER = com.andreamercy.maintanceTests;
				PRODUCT_NAME = "$(TARGET_NAME)";
				STRING_CATALOG_GENERATE_SYMBOLS = NO;
				SWIFT_APPROACHABLE_CONCURRENCY = YES;
				SWIFT_EMIT_LOC_STRINGS = NO;
				SWIFT_UPCOMING_FEATURE_MEMBER_IMPORT_VISIBILITY = YES;
				SWIFT_VERSION = 5.0;
				TARGETED_DEVICE_FAMILY = "1,2";
				TEST_HOST = "$(BUILT_PRODUCTS_DIR)/maintance.app/$(BUNDLE_EXECUTABLE_FOLDER_PATH)/maintance";
			};
			name = Release;
		};
		77FB28622F71A19100CAF859 /* Debug */ = {
			isa = XCBuildConfiguration;
			buildSettings = {
				CODE_SIGN_STYLE = Automatic;
				CURRENT_PROJECT_VERSION = 1;
				DEVELOPMENT_TEAM = T796PH6MZ3;
				GENERATE_INFOPLIST_FILE = YES;
				MARKETING_VERSION = 1.0;
				PRODUCT_BUNDLE_IDENTIFIER = com.andreamercy.maintanceUITests;
				PRODUCT_NAME = "$(TARGET_NAME)";
				STRING_CATALOG_GENERATE_SYMBOLS = NO;
				SWIFT_APPROACHABLE_CONCURRENCY = YES;
				SWIFT_EMIT_LOC_STRINGS = NO;
				SWIFT_UPCOMING_FEATURE_MEMBER_IMPORT_VISIBILITY = YES;
				SWIFT_VERSION = 5.0;
				TARGETED_DEVICE_FAMILY = "1,2";
				TEST_TARGET_NAME = maintance;
			};
			name = Debug;
		};
		77FB28632F71A19100CAF859 /* Release */ = {
			isa = XCBuildConfiguration;
			buildSettings = {
				CODE_SIGN_STYLE = Automatic;
				CURRENT_PROJECT_VERSION = 1;
				DEVELOPMENT_TEAM = T796PH6MZ3;
				GENERATE_INFOPLIST_FILE = YES;
				MARKETING_VERSION = 1.0;
				PRODUCT_BUNDLE_IDENTIFIER = com.andreamercy.maintanceUITests;
				PRODUCT_NAME = "$(TARGET_NAME)";
				STRING_CATALOG_GENERATE_SYMBOLS = NO;
				SWIFT_APPROACHABLE_CONCURRENCY = YES;
				SWIFT_EMIT_LOC_STRINGS = NO;
				SWIFT_UPCOMING_FEATURE_MEMBER_IMPORT_VISIBILITY = YES;
				SWIFT_VERSION = 5.0;
				TARGETED_DEVICE_FAMILY = "1,2";
				TEST_TARGET_NAME = maintance;
			};
			name = Release;
		};
/* End XCBuildConfiguration section */

/* Begin XCConfigurationList section */
		77FB28352F71A18F00CAF859 /* Build configuration list for PBXProject "maintance" */ = {
			isa = XCConfigurationList;
			buildConfigurations = (
				77FB28592F71A19100CAF859 /* Debug */,
				77FB285A2F71A19100CAF859 /* Release */,
			);
			defaultConfigurationIsVisible = 0;
			defaultConfigurationName = Release;
		};
		77FB285B2F71A19100CAF859 /* Build configuration list for PBXNativeTarget "maintance" */ = {
			isa = XCConfigurationList;
			buildConfigurations = (
				77FB285C2F71A19100CAF859 /* Debug */,
				77FB285D2F71A19100CAF859 /* Release */,
			);
			defaultConfigurationIsVisible = 0;
			defaultConfigurationName = Release;
		};
		77FB285E2F71A19100CAF859 /* Build configuration list for PBXNativeTarget "maintanceTests" */ = {
			isa = XCConfigurationList;
			buildConfigurations = (
				77FB285F2F71A19100CAF859 /* Debug */,
				77FB28602F71A19100CAF859 /* Release */,
			);
			defaultConfigurationIsVisible = 0;
			defaultConfigurationName = Release;
		};
		77FB28612F71A19100CAF859 /* Build configuration list for PBXNativeTarget "maintanceUITests" */ = {
			isa = XCConfigurationList;
			buildConfigurations = (
				77FB28622F71A19100CAF859 /* Debug */,
				77FB28632F71A19100CAF859 /* Release */,
			);
			defaultConfigurationIsVisible = 0;
			defaultConfigurationName = Release;
		};
/* End XCConfigurationList section */
	};
	rootObject = 77FB28322F71A18F00CAF859 /* Project object */;
}
